// !$*UTF8*$!
{
	archiveVersion = 1;
	classes = {
	};
	objectVersion = 51;
	objects = {

/* Begin PBXBuildFile section */
		2DE356A2FFFCE7CF400A9159 /* Pods_CleanSwiftTests.framework in Frameworks */ = {isa = PBXBuildFile; fileRef = 904FF6FF27D8E986551DA74C /* Pods_CleanSwiftTests.framework */; };
		49A5672D0B3176932E48A3E7 /* Pods_CleanSwift.framework in Frameworks */ = {isa = PBXBuildFile; fileRef = D8CBAC0696F485A315F876D5 /* Pods_CleanSwift.framework */; };
		674D35142668159F005EBA49 /* UsersServiceMock.swift in Sources */ = {isa = PBXBuildFile; fileRef = 674D35132668159E005EBA49 /* UsersServiceMock.swift */; };
		678FAF7C24DD75D200EFD7FA /* AppDelegate.swift in Sources */ = {isa = PBXBuildFile; fileRef = 678FAF7B24DD75D200EFD7FA /* AppDelegate.swift */; };
		678FAF8324DD75D200EFD7FA /* Main.storyboard in Resources */ = {isa = PBXBuildFile; fileRef = 678FAF8124DD75D200EFD7FA /* Main.storyboard */; };
		678FAF8524DD75D500EFD7FA /* Assets.xcassets in Resources */ = {isa = PBXBuildFile; fileRef = 678FAF8424DD75D500EFD7FA /* Assets.xcassets */; };
		678FAF8824DD75D500EFD7FA /* LaunchScreen.storyboard in Resources */ = {isa = PBXBuildFile; fileRef = 678FAF8624DD75D500EFD7FA /* LaunchScreen.storyboard */; };
		678FAFB024DD804B00EFD7FA /* UIViewController+Ext.swift in Sources */ = {isa = PBXBuildFile; fileRef = 678FAFAE24DD804B00EFD7FA /* UIViewController+Ext.swift */; };
		678FAFB124DD804B00EFD7FA /* Realm+Ext.swift in Sources */ = {isa = PBXBuildFile; fileRef = 678FAFAF24DD804B00EFD7FA /* Realm+Ext.swift */; };
		678FAFB724DD806D00EFD7FA /* UsersRealmPersistable.swift in Sources */ = {isa = PBXBuildFile; fileRef = 678FAFB424DD806D00EFD7FA /* UsersRealmPersistable.swift */; };
		678FAFB824DD806D00EFD7FA /* UsersRealmRepository.swift in Sources */ = {isa = PBXBuildFile; fileRef = 678FAFB624DD806D00EFD7FA /* UsersRealmRepository.swift */; };
		678FAFC324DD810C00EFD7FA /* BaseViewController.swift in Sources */ = {isa = PBXBuildFile; fileRef = 678FAFBD24DD810C00EFD7FA /* BaseViewController.swift */; };
		678FAFC424DD810C00EFD7FA /* SharedModels.swift in Sources */ = {isa = PBXBuildFile; fileRef = 678FAFBE24DD810C00EFD7FA /* SharedModels.swift */; };
		678FAFC524DD810C00EFD7FA /* BaseModels.swift in Sources */ = {isa = PBXBuildFile; fileRef = 678FAFBF24DD810C00EFD7FA /* BaseModels.swift */; };
		678FAFC624DD810C00EFD7FA /* BasePresenter.swift in Sources */ = {isa = PBXBuildFile; fileRef = 678FAFC024DD810C00EFD7FA /* BasePresenter.swift */; };
		678FAFC724DD810C00EFD7FA /* ErrorMessage.swift in Sources */ = {isa = PBXBuildFile; fileRef = 678FAFC224DD810C00EFD7FA /* ErrorMessage.swift */; };
		678FAFEC24DD81A200EFD7FA /* CustomError.swift in Sources */ = {isa = PBXBuildFile; fileRef = 678FAFE824DD81A200EFD7FA /* CustomError.swift */; };
		678FAFEE24DD81A200EFD7FA /* Configuration.swift in Sources */ = {isa = PBXBuildFile; fileRef = 678FAFEA24DD81A200EFD7FA /* Configuration.swift */; };
		678FAFF224DD8DF600EFD7FA /* UsersNetworkingRouter.swift in Sources */ = {isa = PBXBuildFile; fileRef = 678FAFF124DD8DF500EFD7FA /* UsersNetworkingRouter.swift */; };
		678FB00324DD916400EFD7FA /* UsersNetworkingWorker.swift in Sources */ = {isa = PBXBuildFile; fileRef = 678FAFF324DD916400EFD7FA /* UsersNetworkingWorker.swift */; };
		678FB00524DD916400EFD7FA /* UsersTableCellViewModel.swift in Sources */ = {isa = PBXBuildFile; fileRef = 678FAFF724DD916400EFD7FA /* UsersTableCellViewModel.swift */; };
		678FB00624DD916400EFD7FA /* UsersTableCell.swift in Sources */ = {isa = PBXBuildFile; fileRef = 678FAFF824DD916400EFD7FA /* UsersTableCell.swift */; };
		678FB00724DD916400EFD7FA /* UsersTableCell.xib in Resources */ = {isa = PBXBuildFile; fileRef = 678FAFF924DD916400EFD7FA /* UsersTableCell.xib */; };
		678FB00A24DD916400EFD7FA /* UsersService.swift in Sources */ = {isa = PBXBuildFile; fileRef = 678FAFFD24DD916400EFD7FA /* UsersService.swift */; };
		678FB00B24DD916400EFD7FA /* UsersModels.swift in Sources */ = {isa = PBXBuildFile; fileRef = 678FAFFE24DD916400EFD7FA /* UsersModels.swift */; };
		678FB00C24DD916400EFD7FA /* UsersConfigurator.swift in Sources */ = {isa = PBXBuildFile; fileRef = 678FAFFF24DD916400EFD7FA /* UsersConfigurator.swift */; };
		678FB00D24DD916400EFD7FA /* UsersRouter.swift in Sources */ = {isa = PBXBuildFile; fileRef = 678FB00024DD916400EFD7FA /* UsersRouter.swift */; };
		67D0C65A266DFFEA00819157 /* UsersViewController.swift in Sources */ = {isa = PBXBuildFile; fileRef = 67D0C659266DFFEA00819157 /* UsersViewController.swift */; };
		67D0C65D266E001100819157 /* UserstInteractor.swift in Sources */ = {isa = PBXBuildFile; fileRef = 67D0C65C266E001100819157 /* UserstInteractor.swift */; };
		67D0C65E266E001100819157 /* UsersPresenter.swift in Sources */ = {isa = PBXBuildFile; fileRef = 67D0C65B266E001100819157 /* UsersPresenter.swift */; };
		67D0C6B2266E4B7B00819157 /* users.json in Resources */ = {isa = PBXBuildFile; fileRef = 67D0C6AD266E4B7B00819157 /* users.json */; };
		67D0C6B3266E4B7B00819157 /* UserModelTests.swift in Sources */ = {isa = PBXBuildFile; fileRef = 67D0C6AF266E4B7B00819157 /* UserModelTests.swift */; };
		67D0C6B4266E4B7B00819157 /* XCTestCase.swift in Sources */ = {isa = PBXBuildFile; fileRef = 67D0C6B1266E4B7B00819157 /* XCTestCase.swift */; };
		67EF1833265A56C40085C29E /* UserResponse.swift in Sources */ = {isa = PBXBuildFile; fileRef = 67EF1830265A549D0085C29E /* UserResponse.swift */; };
		67EF1834265A56C90085C29E /* CompanyResponse.swift in Sources */ = {isa = PBXBuildFile; fileRef = 67EF182F265A549C0085C29E /* CompanyResponse.swift */; };
		67EF1835265A56CC0085C29E /* AddressResponse.swift in Sources */ = {isa = PBXBuildFile; fileRef = 67EF1832265A549D0085C29E /* AddressResponse.swift */; };
		67EF1836265A56CF0085C29E /* LocationResponse.swift in Sources */ = {isa = PBXBuildFile; fileRef = 67EF1831265A549D0085C29E /* LocationResponse.swift */; };
		67EF183B265A58DF0085C29E /* RMUser.swift in Sources */ = {isa = PBXBuildFile; fileRef = 67EF1839265A58DB0085C29E /* RMUser.swift */; };
		67EF183C265A58E50085C29E /* RMLocation.swift in Sources */ = {isa = PBXBuildFile; fileRef = 67EF183A265A58DB0085C29E /* RMLocation.swift */; };
		67EF183D265A58E50085C29E /* RMCompany.swift in Sources */ = {isa = PBXBuildFile; fileRef = 67EF1838265A58DB0085C29E /* RMCompany.swift */; };
		67EF183E265A58E50085C29E /* RMAddress.swift in Sources */ = {isa = PBXBuildFile; fileRef = 67EF1837265A58DB0085C29E /* RMAddress.swift */; };
		67EF1843265A5A1A0085C29E /* User.swift in Sources */ = {isa = PBXBuildFile; fileRef = 67EF1841265A59160085C29E /* User.swift */; };
		67EF1844265A5C590085C29E /* Company.swift in Sources */ = {isa = PBXBuildFile; fileRef = 67EF1840265A59160085C29E /* Company.swift */; };
		67EF1845265A5C5C0085C29E /* Address.swift in Sources */ = {isa = PBXBuildFile; fileRef = 67EF1842265A59160085C29E /* Address.swift */; };
		67EF1846265A5C5E0085C29E /* Location.swift in Sources */ = {isa = PBXBuildFile; fileRef = 67EF183F265A59160085C29E /* Location.swift */; };
/* End PBXBuildFile section */

/* Begin PBXContainerItemProxy section */
		67D0C6A6266E47DB00819157 /* PBXContainerItemProxy */ = {
			isa = PBXContainerItemProxy;
			containerPortal = 678FAF7024DD75D200EFD7FA /* Project object */;
			proxyType = 1;
			remoteGlobalIDString = 678FAF7724DD75D200EFD7FA;
			remoteInfo = CleanSwift;
		};
/* End PBXContainerItemProxy section */

/* Begin PBXFileReference section */
		53A39ECF0AFC3AFCF9818209 /* Pods-CleanSwiftTests.release.xcconfig */ = {isa = PBXFileReference; includeInIndex = 1; lastKnownFileType = text.xcconfig; name = "Pods-CleanSwiftTests.release.xcconfig"; path = "Target Support Files/Pods-CleanSwiftTests/Pods-CleanSwiftTests.release.xcconfig"; sourceTree = "<group>"; };
		581737580319CB928862EDB0 /* Pods_CleanSwift_CleanSwiftUITests.framework */ = {isa = PBXFileReference; explicitFileType = wrapper.framework; includeInIndex = 0; path = Pods_CleanSwift_CleanSwiftUITests.framework; sourceTree = BUILT_PRODUCTS_DIR; };
		674D35132668159E005EBA49 /* UsersServiceMock.swift */ = {isa = PBXFileReference; fileEncoding = 4; lastKnownFileType = sourcecode.swift; path = UsersServiceMock.swift; sourceTree = "<group>"; };
		678FAF7824DD75D200EFD7FA /* CleanSwift.app */ = {isa = PBXFileReference; explicitFileType = wrapper.application; includeInIndex = 0; path = CleanSwift.app; sourceTree = BUILT_PRODUCTS_DIR; };
		678FAF7B24DD75D200EFD7FA /* AppDelegate.swift */ = {isa = PBXFileReference; lastKnownFileType = sourcecode.swift; path = AppDelegate.swift; sourceTree = "<group>"; };
		678FAF8224DD75D200EFD7FA /* Base */ = {isa = PBXFileReference; lastKnownFileType = file.storyboard; name = Base; path = Base.lproj/Main.storyboard; sourceTree = "<group>"; };
		678FAF8424DD75D500EFD7FA /* Assets.xcassets */ = {isa = PBXFileReference; lastKnownFileType = folder.assetcatalog; path = Assets.xcassets; sourceTree = "<group>"; };
		678FAF8724DD75D500EFD7FA /* Base */ = {isa = PBXFileReference; lastKnownFileType = file.storyboard; name = Base; path = Base.lproj/LaunchScreen.storyboard; sourceTree = "<group>"; };
		678FAF8924DD75D500EFD7FA /* Info.plist */ = {isa = PBXFileReference; lastKnownFileType = text.plist.xml; path = Info.plist; sourceTree = "<group>"; };
		678FAFAE24DD804B00EFD7FA /* UIViewController+Ext.swift */ = {isa = PBXFileReference; fileEncoding = 4; lastKnownFileType = sourcecode.swift; path = "UIViewController+Ext.swift"; sourceTree = "<group>"; };
		678FAFAF24DD804B00EFD7FA /* Realm+Ext.swift */ = {isa = PBXFileReference; fileEncoding = 4; lastKnownFileType = sourcecode.swift; path = "Realm+Ext.swift"; sourceTree = "<group>"; };
		678FAFB424DD806D00EFD7FA /* UsersRealmPersistable.swift */ = {isa = PBXFileReference; fileEncoding = 4; lastKnownFileType = sourcecode.swift; path = UsersRealmPersistable.swift; sourceTree = "<group>"; };
		678FAFB624DD806D00EFD7FA /* UsersRealmRepository.swift */ = {isa = PBXFileReference; fileEncoding = 4; lastKnownFileType = sourcecode.swift; path = UsersRealmRepository.swift; sourceTree = "<group>"; };
		678FAFBD24DD810C00EFD7FA /* BaseViewController.swift */ = {isa = PBXFileReference; fileEncoding = 4; lastKnownFileType = sourcecode.swift; path = BaseViewController.swift; sourceTree = "<group>"; };
		678FAFBE24DD810C00EFD7FA /* SharedModels.swift */ = {isa = PBXFileReference; fileEncoding = 4; lastKnownFileType = sourcecode.swift; path = SharedModels.swift; sourceTree = "<group>"; };
		678FAFBF24DD810C00EFD7FA /* BaseModels.swift */ = {isa = PBXFileReference; fileEncoding = 4; lastKnownFileType = sourcecode.swift; path = BaseModels.swift; sourceTree = "<group>"; };
		678FAFC024DD810C00EFD7FA /* BasePresenter.swift */ = {isa = PBXFileReference; fileEncoding = 4; lastKnownFileType = sourcecode.swift; path = BasePresenter.swift; sourceTree = "<group>"; };
		678FAFC224DD810C00EFD7FA /* ErrorMessage.swift */ = {isa = PBXFileReference; fileEncoding = 4; lastKnownFileType = sourcecode.swift; path = ErrorMessage.swift; sourceTree = "<group>"; };
		678FAFE824DD81A200EFD7FA /* CustomError.swift */ = {isa = PBXFileReference; fileEncoding = 4; lastKnownFileType = sourcecode.swift; path = CustomError.swift; sourceTree = "<group>"; };
		678FAFEA24DD81A200EFD7FA /* Configuration.swift */ = {isa = PBXFileReference; fileEncoding = 4; lastKnownFileType = sourcecode.swift; path = Configuration.swift; sourceTree = "<group>"; };
		678FAFF124DD8DF500EFD7FA /* UsersNetworkingRouter.swift */ = {isa = PBXFileReference; fileEncoding = 4; lastKnownFileType = sourcecode.swift; path = UsersNetworkingRouter.swift; sourceTree = "<group>"; };
		678FAFF324DD916400EFD7FA /* UsersNetworkingWorker.swift */ = {isa = PBXFileReference; fileEncoding = 4; lastKnownFileType = sourcecode.swift; path = UsersNetworkingWorker.swift; sourceTree = "<group>"; };
		678FAFF724DD916400EFD7FA /* UsersTableCellViewModel.swift */ = {isa = PBXFileReference; fileEncoding = 4; lastKnownFileType = sourcecode.swift; path = UsersTableCellViewModel.swift; sourceTree = "<group>"; };
		678FAFF824DD916400EFD7FA /* UsersTableCell.swift */ = {isa = PBXFileReference; fileEncoding = 4; lastKnownFileType = sourcecode.swift; path = UsersTableCell.swift; sourceTree = "<group>"; };
		678FAFF924DD916400EFD7FA /* UsersTableCell.xib */ = {isa = PBXFileReference; fileEncoding = 4; lastKnownFileType = file.xib; path = UsersTableCell.xib; sourceTree = "<group>"; };
		678FAFFD24DD916400EFD7FA /* UsersService.swift */ = {isa = PBXFileReference; fileEncoding = 4; lastKnownFileType = sourcecode.swift; path = UsersService.swift; sourceTree = "<group>"; };
		678FAFFE24DD916400EFD7FA /* UsersModels.swift */ = {isa = PBXFileReference; fileEncoding = 4; lastKnownFileType = sourcecode.swift; path = UsersModels.swift; sourceTree = "<group>"; };
		678FAFFF24DD916400EFD7FA /* UsersConfigurator.swift */ = {isa = PBXFileReference; fileEncoding = 4; lastKnownFileType = sourcecode.swift; path = UsersConfigurator.swift; sourceTree = "<group>"; };
		678FB00024DD916400EFD7FA /* UsersRouter.swift */ = {isa = PBXFileReference; fileEncoding = 4; lastKnownFileType = sourcecode.swift; path = UsersRouter.swift; sourceTree = "<group>"; };
		67D0C659266DFFEA00819157 /* UsersViewController.swift */ = {isa = PBXFileReference; lastKnownFileType = sourcecode.swift; path = UsersViewController.swift; sourceTree = "<group>"; };
		67D0C65B266E001100819157 /* UsersPresenter.swift */ = {isa = PBXFileReference; lastKnownFileType = sourcecode.swift; path = UsersPresenter.swift; sourceTree = "<group>"; };
		67D0C65C266E001100819157 /* UserstInteractor.swift */ = {isa = PBXFileReference; lastKnownFileType = sourcecode.swift; path = UserstInteractor.swift; sourceTree = "<group>"; };
		67D0C6A1266E47DB00819157 /* CleanSwiftTests.xctest */ = {isa = PBXFileReference; explicitFileType = wrapper.cfbundle; includeInIndex = 0; path = CleanSwiftTests.xctest; sourceTree = BUILT_PRODUCTS_DIR; };
		67D0C6A5266E47DB00819157 /* Info.plist */ = {isa = PBXFileReference; lastKnownFileType = text.plist.xml; path = Info.plist; sourceTree = "<group>"; };
		67D0C6AD266E4B7B00819157 /* users.json */ = {isa = PBXFileReference; fileEncoding = 4; lastKnownFileType = text.json; path = users.json; sourceTree = "<group>"; };
		67D0C6AF266E4B7B00819157 /* UserModelTests.swift */ = {isa = PBXFileReference; fileEncoding = 4; lastKnownFileType = sourcecode.swift; path = UserModelTests.swift; sourceTree = "<group>"; };
		67D0C6B1266E4B7B00819157 /* XCTestCase.swift */ = {isa = PBXFileReference; fileEncoding = 4; lastKnownFileType = sourcecode.swift; path = XCTestCase.swift; sourceTree = "<group>"; };
		67EF182F265A549C0085C29E /* CompanyResponse.swift */ = {isa = PBXFileReference; lastKnownFileType = sourcecode.swift; path = CompanyResponse.swift; sourceTree = "<group>"; };
		67EF1830265A549D0085C29E /* UserResponse.swift */ = {isa = PBXFileReference; lastKnownFileType = sourcecode.swift; path = UserResponse.swift; sourceTree = "<group>"; };
		67EF1831265A549D0085C29E /* LocationResponse.swift */ = {isa = PBXFileReference; lastKnownFileType = sourcecode.swift; path = LocationResponse.swift; sourceTree = "<group>"; };
		67EF1832265A549D0085C29E /* AddressResponse.swift */ = {isa = PBXFileReference; lastKnownFileType = sourcecode.swift; path = AddressResponse.swift; sourceTree = "<group>"; };
		67EF1837265A58DB0085C29E /* RMAddress.swift */ = {isa = PBXFileReference; lastKnownFileType = sourcecode.swift; path = RMAddress.swift; sourceTree = "<group>"; };
		67EF1838265A58DB0085C29E /* RMCompany.swift */ = {isa = PBXFileReference; lastKnownFileType = sourcecode.swift; path = RMCompany.swift; sourceTree = "<group>"; };
		67EF1839265A58DB0085C29E /* RMUser.swift */ = {isa = PBXFileReference; lastKnownFileType = sourcecode.swift; path = RMUser.swift; sourceTree = "<group>"; };
		67EF183A265A58DB0085C29E /* RMLocation.swift */ = {isa = PBXFileReference; lastKnownFileType = sourcecode.swift; path = RMLocation.swift; sourceTree = "<group>"; };
		67EF183F265A59160085C29E /* Location.swift */ = {isa = PBXFileReference; lastKnownFileType = sourcecode.swift; path = Location.swift; sourceTree = "<group>"; };
		67EF1840265A59160085C29E /* Company.swift */ = {isa = PBXFileReference; lastKnownFileType = sourcecode.swift; path = Company.swift; sourceTree = "<group>"; };
		67EF1841265A59160085C29E /* User.swift */ = {isa = PBXFileReference; lastKnownFileType = sourcecode.swift; path = User.swift; sourceTree = "<group>"; };
		67EF1842265A59160085C29E /* Address.swift */ = {isa = PBXFileReference; lastKnownFileType = sourcecode.swift; path = Address.swift; sourceTree = "<group>"; };
		8CB095302121E536A28EAD0C /* Pods-CleanSwiftTests.debug.xcconfig */ = {isa = PBXFileReference; includeInIndex = 1; lastKnownFileType = text.xcconfig; name = "Pods-CleanSwiftTests.debug.xcconfig"; path = "Target Support Files/Pods-CleanSwiftTests/Pods-CleanSwiftTests.debug.xcconfig"; sourceTree = "<group>"; };
		904FF6FF27D8E986551DA74C /* Pods_CleanSwiftTests.framework */ = {isa = PBXFileReference; explicitFileType = wrapper.framework; includeInIndex = 0; path = Pods_CleanSwiftTests.framework; sourceTree = BUILT_PRODUCTS_DIR; };
		A9D7C6CBFAA4868A88743609 /* Pods-CleanSwift.release.xcconfig */ = {isa = PBXFileReference; includeInIndex = 1; lastKnownFileType = text.xcconfig; name = "Pods-CleanSwift.release.xcconfig"; path = "Target Support Files/Pods-CleanSwift/Pods-CleanSwift.release.xcconfig"; sourceTree = "<group>"; };
		D8CBAC0696F485A315F876D5 /* Pods_CleanSwift.framework */ = {isa = PBXFileReference; explicitFileType = wrapper.framework; includeInIndex = 0; path = Pods_CleanSwift.framework; sourceTree = BUILT_PRODUCTS_DIR; };
		E9B23A836D3842C68713783A /* Pods-CleanSwift.debug.xcconfig */ = {isa = PBXFileReference; includeInIndex = 1; lastKnownFileType = text.xcconfig; name = "Pods-CleanSwift.debug.xcconfig"; path = "Target Support Files/Pods-CleanSwift/Pods-CleanSwift.debug.xcconfig"; sourceTree = "<group>"; };
/* End PBXFileReference section */

/* Begin PBXFrameworksBuildPhase section */
		678FAF7524DD75D200EFD7FA /* Frameworks */ = {
			isa = PBXFrameworksBuildPhase;
			buildActionMask = 2147483647;
			files = (
				49A5672D0B3176932E48A3E7 /* Pods_CleanSwift.framework in Frameworks */,
			);
			runOnlyForDeploymentPostprocessing = 0;
		};
		67D0C69E266E47DB00819157 /* Frameworks */ = {
			isa = PBXFrameworksBuildPhase;
			buildActionMask = 2147483647;
			files = (
				2DE356A2FFFCE7CF400A9159 /* Pods_CleanSwiftTests.framework in Frameworks */,
			);
			runOnlyForDeploymentPostprocessing = 0;
		};
/* End PBXFrameworksBuildPhase section */

/* Begin PBXGroup section */
		1BDF8129953CD136836A12D8 /* Pods */ = {
			isa = PBXGroup;
			children = (
				E9B23A836D3842C68713783A /* Pods-CleanSwift.debug.xcconfig */,
				A9D7C6CBFAA4868A88743609 /* Pods-CleanSwift.release.xcconfig */,
				8CB095302121E536A28EAD0C /* Pods-CleanSwiftTests.debug.xcconfig */,
				53A39ECF0AFC3AFCF9818209 /* Pods-CleanSwiftTests.release.xcconfig */,
			);
			path = Pods;
			sourceTree = "<group>";
		};
		678FAF6F24DD75D200EFD7FA = {
			isa = PBXGroup;
			children = (
				678FAF7A24DD75D200EFD7FA /* CleanSwift */,
				67D0C6A2266E47DB00819157 /* CleanSwiftTests */,
				678FAF7924DD75D200EFD7FA /* Products */,
				1BDF8129953CD136836A12D8 /* Pods */,
				FBC73C0E6CA5583C2551AC19 /* Frameworks */,
			);
			sourceTree = "<group>";
		};
		678FAF7924DD75D200EFD7FA /* Products */ = {
			isa = PBXGroup;
			children = (
				678FAF7824DD75D200EFD7FA /* CleanSwift.app */,
				67D0C6A1266E47DB00819157 /* CleanSwiftTests.xctest */,
			);
			name = Products;
			sourceTree = "<group>";
		};
		678FAF7A24DD75D200EFD7FA /* CleanSwift */ = {
			isa = PBXGroup;
			children = (
				678FAFB924DD80CC00EFD7FA /* Scenes */,
				678FAFE624DD81A200EFD7FA /* Networking */,
				678FAFB224DD806D00EFD7FA /* Persistance */,
				678FAFAD24DD804B00EFD7FA /* Helpers */,
				678FAF7B24DD75D200EFD7FA /* AppDelegate.swift */,
				678FAF8124DD75D200EFD7FA /* Main.storyboard */,
				678FAF8624DD75D500EFD7FA /* LaunchScreen.storyboard */,
				678FAF8424DD75D500EFD7FA /* Assets.xcassets */,
				678FAF8924DD75D500EFD7FA /* Info.plist */,
			);
			path = CleanSwift;
			sourceTree = "<group>";
		};
		678FAFAD24DD804B00EFD7FA /* Helpers */ = {
			isa = PBXGroup;
			children = (
				678FAFAE24DD804B00EFD7FA /* UIViewController+Ext.swift */,
				678FAFAF24DD804B00EFD7FA /* Realm+Ext.swift */,
			);
			path = Helpers;
			sourceTree = "<group>";
		};
		678FAFB224DD806D00EFD7FA /* Persistance */ = {
			isa = PBXGroup;
			children = (
				678FAFB324DD806D00EFD7FA /* Contracts */,
				678FAFB524DD806D00EFD7FA /* Repositories */,
			);
			path = Persistance;
			sourceTree = "<group>";
		};
		678FAFB324DD806D00EFD7FA /* Contracts */ = {
			isa = PBXGroup;
			children = (
				678FAFB424DD806D00EFD7FA /* UsersRealmPersistable.swift */,
			);
			path = Contracts;
			sourceTree = "<group>";
		};
		678FAFB524DD806D00EFD7FA /* Repositories */ = {
			isa = PBXGroup;
			children = (
				678FAFB624DD806D00EFD7FA /* UsersRealmRepository.swift */,
			);
			path = Repositories;
			sourceTree = "<group>";
		};
		678FAFB924DD80CC00EFD7FA /* Scenes */ = {
			isa = PBXGroup;
			children = (
				678FAFBB24DD80DE00EFD7FA /* Shared */,
				678FAFBA24DD80DA00EFD7FA /* Users */,
			);
			path = Scenes;
			sourceTree = "<group>";
		};
		678FAFBA24DD80DA00EFD7FA /* Users */ = {
			isa = PBXGroup;
			children = (
				67EF182E265A53C00085C29E /* Domain */,
				67EF182D265A53BA0085C29E /* Realm */,
				67EF182C265A53B50085C29E /* External */,
				678FAFFB24DD916400EFD7FA /* Services */,
				678FAFF424DD916400EFD7FA /* UsersViewController */,
				67D0C65C266E001100819157 /* UserstInteractor.swift */,
				67D0C65B266E001100819157 /* UsersPresenter.swift */,
				678FAFFE24DD916400EFD7FA /* UsersModels.swift */,
				678FAFF324DD916400EFD7FA /* UsersNetworkingWorker.swift */,
				678FB00024DD916400EFD7FA /* UsersRouter.swift */,
				678FAFFF24DD916400EFD7FA /* UsersConfigurator.swift */,
			);
			path = Users;
			sourceTree = "<group>";
		};
		678FAFBB24DD80DE00EFD7FA /* Shared */ = {
			isa = PBXGroup;
			children = (
				678FAFBC24DD810C00EFD7FA /* BaseImplementations */,
				678FAFC124DD810C00EFD7FA /* Messages */,
			);
			path = Shared;
			sourceTree = "<group>";
		};
		678FAFBC24DD810C00EFD7FA /* BaseImplementations */ = {
			isa = PBXGroup;
			children = (
				678FAFBD24DD810C00EFD7FA /* BaseViewController.swift */,
				678FAFC024DD810C00EFD7FA /* BasePresenter.swift */,
				678FAFBE24DD810C00EFD7FA /* SharedModels.swift */,
				678FAFBF24DD810C00EFD7FA /* BaseModels.swift */,
			);
			path = BaseImplementations;
			sourceTree = "<group>";
		};
		678FAFC124DD810C00EFD7FA /* Messages */ = {
			isa = PBXGroup;
			children = (
				678FAFC224DD810C00EFD7FA /* ErrorMessage.swift */,
			);
			path = Messages;
			sourceTree = "<group>";
		};
		678FAFE624DD81A200EFD7FA /* Networking */ = {
			isa = PBXGroup;
			children = (
				678FAFE824DD81A200EFD7FA /* CustomError.swift */,
				678FAFEA24DD81A200EFD7FA /* Configuration.swift */,
				678FAFF124DD8DF500EFD7FA /* UsersNetworkingRouter.swift */,
			);
			path = Networking;
			sourceTree = "<group>";
		};
		678FAFF424DD916400EFD7FA /* UsersViewController */ = {
			isa = PBXGroup;
			children = (
				67D0C659266DFFEA00819157 /* UsersViewController.swift */,
				678FAFF624DD916400EFD7FA /* TableCell */,
			);
			path = UsersViewController;
			sourceTree = "<group>";
		};
		678FAFF624DD916400EFD7FA /* TableCell */ = {
			isa = PBXGroup;
			children = (
				678FAFF724DD916400EFD7FA /* UsersTableCellViewModel.swift */,
				678FAFF824DD916400EFD7FA /* UsersTableCell.swift */,
				678FAFF924DD916400EFD7FA /* UsersTableCell.xib */,
			);
			path = TableCell;
			sourceTree = "<group>";
		};
		678FAFFB24DD916400EFD7FA /* Services */ = {
			isa = PBXGroup;
			children = (
				674D35132668159E005EBA49 /* UsersServiceMock.swift */,
				678FAFFD24DD916400EFD7FA /* UsersService.swift */,
			);
			path = Services;
			sourceTree = "<group>";
		};
		67D0C6A2266E47DB00819157 /* CleanSwiftTests */ = {
			isa = PBXGroup;
			children = (
				67D0C6AB266E4B7B00819157 /* ModelsTests */,
				67D0C6A5266E47DB00819157 /* Info.plist */,
			);
			path = CleanSwiftTests;
			sourceTree = "<group>";
		};
		67D0C6AB266E4B7B00819157 /* ModelsTests */ = {
			isa = PBXGroup;
			children = (
				67D0C6AC266E4B7B00819157 /* Stubs */,
				67D0C6AE266E4B7B00819157 /* Tests */,
				67D0C6B0266E4B7B00819157 /* Helpers */,
			);
			path = ModelsTests;
			sourceTree = "<group>";
		};
		67D0C6AC266E4B7B00819157 /* Stubs */ = {
			isa = PBXGroup;
			children = (
				67D0C6AD266E4B7B00819157 /* users.json */,
			);
			path = Stubs;
			sourceTree = "<group>";
		};
		67D0C6AE266E4B7B00819157 /* Tests */ = {
			isa = PBXGroup;
			children = (
				67D0C6AF266E4B7B00819157 /* UserModelTests.swift */,
			);
			path = Tests;
			sourceTree = "<group>";
		};
		67D0C6B0266E4B7B00819157 /* Helpers */ = {
			isa = PBXGroup;
			children = (
				67D0C6B1266E4B7B00819157 /* XCTestCase.swift */,
			);
			path = Helpers;
			sourceTree = "<group>";
		};
		67EF182C265A53B50085C29E /* External */ = {
			isa = PBXGroup;
			children = (
				67EF1830265A549D0085C29E /* UserResponse.swift */,
				67EF182F265A549C0085C29E /* CompanyResponse.swift */,
				67EF1832265A549D0085C29E /* AddressResponse.swift */,
				67EF1831265A549D0085C29E /* LocationResponse.swift */,
			);
			path = External;
			sourceTree = "<group>";
		};
		67EF182D265A53BA0085C29E /* Realm */ = {
			isa = PBXGroup;
			children = (
				67EF1839265A58DB0085C29E /* RMUser.swift */,
				67EF1837265A58DB0085C29E /* RMAddress.swift */,
				67EF183A265A58DB0085C29E /* RMLocation.swift */,
				67EF1838265A58DB0085C29E /* RMCompany.swift */,
			);
			path = Realm;
			sourceTree = "<group>";
		};
		67EF182E265A53C00085C29E /* Domain */ = {
			isa = PBXGroup;
			children = (
				67EF1841265A59160085C29E /* User.swift */,
				67EF1840265A59160085C29E /* Company.swift */,
				67EF1842265A59160085C29E /* Address.swift */,
				67EF183F265A59160085C29E /* Location.swift */,
			);
			path = Domain;
			sourceTree = "<group>";
		};
		FBC73C0E6CA5583C2551AC19 /* Frameworks */ = {
			isa = PBXGroup;
			children = (
				D8CBAC0696F485A315F876D5 /* Pods_CleanSwift.framework */,
				581737580319CB928862EDB0 /* Pods_CleanSwift_CleanSwiftUITests.framework */,
				904FF6FF27D8E986551DA74C /* Pods_CleanSwiftTests.framework */,
			);
			name = Frameworks;
			sourceTree = "<group>";
		};
/* End PBXGroup section */

/* Begin PBXNativeTarget section */
		678FAF7724DD75D200EFD7FA /* CleanSwift */ = {
			isa = PBXNativeTarget;
			buildConfigurationList = 678FAFA224DD75D500EFD7FA /* Build configuration list for PBXNativeTarget "CleanSwift" */;
			buildPhases = (
				169370BEE2A9C1EC82B72143 /* [CP] Check Pods Manifest.lock */,
				678FAF7424DD75D200EFD7FA /* Sources */,
				678FAF7524DD75D200EFD7FA /* Frameworks */,
				678FAF7624DD75D200EFD7FA /* Resources */,
				57BADF0A09E09C4598599661 /* [CP] Embed Pods Frameworks */,
			);
			buildRules = (
			);
			dependencies = (
			);
			name = CleanSwift;
			productName = CleanSwift;
			productReference = 678FAF7824DD75D200EFD7FA /* CleanSwift.app */;
			productType = "com.apple.product-type.application";
		};
		67D0C6A0266E47DB00819157 /* CleanSwiftTests */ = {
			isa = PBXNativeTarget;
			buildConfigurationList = 67D0C6A8266E47DB00819157 /* Build configuration list for PBXNativeTarget "CleanSwiftTests" */;
			buildPhases = (
				9502761E9E93BA7C97E0FCFD /* [CP] Check Pods Manifest.lock */,
				67D0C69D266E47DB00819157 /* Sources */,
				67D0C69E266E47DB00819157 /* Frameworks */,
				67D0C69F266E47DB00819157 /* Resources */,
			);
			buildRules = (
			);
			dependencies = (
				67D0C6A7266E47DB00819157 /* PBXTargetDependency */,
			);
			name = CleanSwiftTests;
			productName = CleanSwiftTests;
			productReference = 67D0C6A1266E47DB00819157 /* CleanSwiftTests.xctest */;
			productType = "com.apple.product-type.bundle.unit-test";
		};
/* End PBXNativeTarget section */

/* Begin PBXProject section */
		678FAF7024DD75D200EFD7FA /* Project object */ = {
			isa = PBXProject;
			attributes = {
				LastSwiftUpdateCheck = 1250;
				LastUpgradeCheck = 1250;
				ORGANIZATIONNAME = "Robertas Baronas";
				TargetAttributes = {
					678FAF7724DD75D200EFD7FA = {
						CreatedOnToolsVersion = 11.6;
					};
					67D0C6A0266E47DB00819157 = {
						CreatedOnToolsVersion = 12.5;
						TestTargetID = 678FAF7724DD75D200EFD7FA;
					};
				};
			};
			buildConfigurationList = 678FAF7324DD75D200EFD7FA /* Build configuration list for PBXProject "CleanSwift" */;
			compatibilityVersion = "Xcode 9.3";
			developmentRegion = en;
			hasScannedForEncodings = 0;
			knownRegions = (
				en,
				Base,
			);
			mainGroup = 678FAF6F24DD75D200EFD7FA;
			productRefGroup = 678FAF7924DD75D200EFD7FA /* Products */;
			projectDirPath = "";
			projectRoot = "";
			targets = (
				678FAF7724DD75D200EFD7FA /* CleanSwift */,
				67D0C6A0266E47DB00819157 /* CleanSwiftTests */,
			);
		};
/* End PBXProject section */

/* Begin PBXResourcesBuildPhase section */
		678FAF7624DD75D200EFD7FA /* Resources */ = {
			isa = PBXResourcesBuildPhase;
			buildActionMask = 2147483647;
			files = (
				678FAF8824DD75D500EFD7FA /* LaunchScreen.storyboard in Resources */,
				678FB00724DD916400EFD7FA /* UsersTableCell.xib in Resources */,
				678FAF8524DD75D500EFD7FA /* Assets.xcassets in Resources */,
				678FAF8324DD75D200EFD7FA /* Main.storyboard in Resources */,
			);
			runOnlyForDeploymentPostprocessing = 0;
		};
		67D0C69F266E47DB00819157 /* Resources */ = {
			isa = PBXResourcesBuildPhase;
			buildActionMask = 2147483647;
			files = (
				67D0C6B2266E4B7B00819157 /* users.json in Resources */,
			);
			runOnlyForDeploymentPostprocessing = 0;
		};
/* End PBXResourcesBuildPhase section */

/* Begin PBXShellScriptBuildPhase section */
		169370BEE2A9C1EC82B72143 /* [CP] Check Pods Manifest.lock */ = {
			isa = PBXShellScriptBuildPhase;
			buildActionMask = 2147483647;
			files = (
			);
			inputFileListPaths = (
			);
			inputPaths = (
				"${PODS_PODFILE_DIR_PATH}/Podfile.lock",
				"${PODS_ROOT}/Manifest.lock",
			);
			name = "[CP] Check Pods Manifest.lock";
			outputFileListPaths = (
			);
			outputPaths = (
				"$(DERIVED_FILE_DIR)/Pods-CleanSwift-checkManifestLockResult.txt",
			);
			runOnlyForDeploymentPostprocessing = 0;
			shellPath = /bin/sh;
			shellScript = "diff \"${PODS_PODFILE_DIR_PATH}/Podfile.lock\" \"${PODS_ROOT}/Manifest.lock\" > /dev/null\nif [ $? != 0 ] ; then\n    # print error to STDERR\n    echo \"error: The sandbox is not in sync with the Podfile.lock. Run 'pod install' or update your CocoaPods installation.\" >&2\n    exit 1\nfi\n# This output is used by Xcode 'outputs' to avoid re-running this script phase.\necho \"SUCCESS\" > \"${SCRIPT_OUTPUT_FILE_0}\"\n";
			showEnvVarsInLog = 0;
		};
		57BADF0A09E09C4598599661 /* [CP] Embed Pods Frameworks */ = {
			isa = PBXShellScriptBuildPhase;
			buildActionMask = 2147483647;
			files = (
			);
			inputFileListPaths = (
				"${PODS_ROOT}/Target Support Files/Pods-CleanSwift/Pods-CleanSwift-frameworks-${CONFIGURATION}-input-files.xcfilelist",
			);
			name = "[CP] Embed Pods Frameworks";
			outputFileListPaths = (
				"${PODS_ROOT}/Target Support Files/Pods-CleanSwift/Pods-CleanSwift-frameworks-${CONFIGURATION}-output-files.xcfilelist",
			);
			runOnlyForDeploymentPostprocessing = 0;
			shellPath = /bin/sh;
			shellScript = "\"${PODS_ROOT}/Target Support Files/Pods-CleanSwift/Pods-CleanSwift-frameworks.sh\"\n";
			showEnvVarsInLog = 0;
		};
		9502761E9E93BA7C97E0FCFD /* [CP] Check Pods Manifest.lock */ = {
			isa = PBXShellScriptBuildPhase;
			buildActionMask = 2147483647;
			files = (
			);
			inputFileListPaths = (
			);
			inputPaths = (
				"${PODS_PODFILE_DIR_PATH}/Podfile.lock",
				"${PODS_ROOT}/Manifest.lock",
			);
			name = "[CP] Check Pods Manifest.lock";
			outputFileListPaths = (
			);
			outputPaths = (
				"$(DERIVED_FILE_DIR)/Pods-CleanSwiftTests-checkManifestLockResult.txt",
			);
			runOnlyForDeploymentPostprocessing = 0;
			shellPath = /bin/sh;
			shellScript = "diff \"${PODS_PODFILE_DIR_PATH}/Podfile.lock\" \"${PODS_ROOT}/Manifest.lock\" > /dev/null\nif [ $? != 0 ] ; then\n    # print error to STDERR\n    echo \"error: The sandbox is not in sync with the Podfile.lock. Run 'pod install' or update your CocoaPods installation.\" >&2\n    exit 1\nfi\n# This output is used by Xcode 'outputs' to avoid re-running this script phase.\necho \"SUCCESS\" > \"${SCRIPT_OUTPUT_FILE_0}\"\n";
			showEnvVarsInLog = 0;
		};
/* End PBXShellScriptBuildPhase section */

/* Begin PBXSourcesBuildPhase section */
		678FAF7424DD75D200EFD7FA /* Sources */ = {
			isa = PBXSourcesBuildPhase;
			buildActionMask = 2147483647;
			files = (
				67D0C65D266E001100819157 /* UserstInteractor.swift in Sources */,
				678FB00D24DD916400EFD7FA /* UsersRouter.swift in Sources */,
				678FAFB824DD806D00EFD7FA /* UsersRealmRepository.swift in Sources */,
				67EF183D265A58E50085C29E /* RMCompany.swift in Sources */,
				67D0C65A266DFFEA00819157 /* UsersViewController.swift in Sources */,
				678FAFEE24DD81A200EFD7FA /* Configuration.swift in Sources */,
				67EF1836265A56CF0085C29E /* LocationResponse.swift in Sources */,
				67EF1834265A56C90085C29E /* CompanyResponse.swift in Sources */,
				67EF183E265A58E50085C29E /* RMAddress.swift in Sources */,
				678FAFC424DD810C00EFD7FA /* SharedModels.swift in Sources */,
				678FB00324DD916400EFD7FA /* UsersNetworkingWorker.swift in Sources */,
				678FAFF224DD8DF600EFD7FA /* UsersNetworkingRouter.swift in Sources */,
				674D35142668159F005EBA49 /* UsersServiceMock.swift in Sources */,
				67EF1835265A56CC0085C29E /* AddressResponse.swift in Sources */,
				67EF1833265A56C40085C29E /* UserResponse.swift in Sources */,
				67EF1846265A5C5E0085C29E /* Location.swift in Sources */,
				678FB00624DD916400EFD7FA /* UsersTableCell.swift in Sources */,
				678FB00C24DD916400EFD7FA /* UsersConfigurator.swift in Sources */,
				67EF1845265A5C5C0085C29E /* Address.swift in Sources */,
				67EF1844265A5C590085C29E /* Company.swift in Sources */,
				67EF183C265A58E50085C29E /* RMLocation.swift in Sources */,
				67D0C65E266E001100819157 /* UsersPresenter.swift in Sources */,
				678FAF7C24DD75D200EFD7FA /* AppDelegate.swift in Sources */,
				678FAFC724DD810C00EFD7FA /* ErrorMessage.swift in Sources */,
				678FAFC524DD810C00EFD7FA /* BaseModels.swift in Sources */,
				678FAFEC24DD81A200EFD7FA /* CustomError.swift in Sources */,
				67EF1843265A5A1A0085C29E /* User.swift in Sources */,
				67EF183B265A58DF0085C29E /* RMUser.swift in Sources */,
				678FAFB024DD804B00EFD7FA /* UIViewController+Ext.swift in Sources */,
				678FB00524DD916400EFD7FA /* UsersTableCellViewModel.swift in Sources */,
				678FAFB724DD806D00EFD7FA /* UsersRealmPersistable.swift in Sources */,
				678FAFC324DD810C00EFD7FA /* BaseViewController.swift in Sources */,
				678FB00B24DD916400EFD7FA /* UsersModels.swift in Sources */,
				678FAFB124DD804B00EFD7FA /* Realm+Ext.swift in Sources */,
				678FAFC624DD810C00EFD7FA /* BasePresenter.swift in Sources */,
				678FB00A24DD916400EFD7FA /* UsersService.swift in Sources */,
			);
			runOnlyForDeploymentPostprocessing = 0;
		};
		67D0C69D266E47DB00819157 /* Sources */ = {
			isa = PBXSourcesBuildPhase;
			buildActionMask = 2147483647;
			files = (
				67D0C6B3266E4B7B00819157 /* UserModelTests.swift in Sources */,
				67D0C6B4266E4B7B00819157 /* XCTestCase.swift in Sources */,
			);
			runOnlyForDeploymentPostprocessing = 0;
		};
/* End PBXSourcesBuildPhase section */

/* Begin PBXTargetDependency section */
		67D0C6A7266E47DB00819157 /* PBXTargetDependency */ = {
			isa = PBXTargetDependency;
			target = 678FAF7724DD75D200EFD7FA /* CleanSwift */;
			targetProxy = 67D0C6A6266E47DB00819157 /* PBXContainerItemProxy */;
		};
/* End PBXTargetDependency section */

/* Begin PBXVariantGroup section */
		678FAF8124DD75D200EFD7FA /* Main.storyboard */ = {
			isa = PBXVariantGroup;
			children = (
				678FAF8224DD75D200EFD7FA /* Base */,
			);
			name = Main.storyboard;
			sourceTree = "<group>";
		};
		678FAF8624DD75D500EFD7FA /* LaunchScreen.storyboard */ = {
			isa = PBXVariantGroup;
			children = (
				678FAF8724DD75D500EFD7FA /* Base */,
			);
			name = LaunchScreen.storyboard;
			sourceTree = "<group>";
		};
/* End PBXVariantGroup section */

/* Begin XCBuildConfiguration section */
		678FAFA024DD75D500EFD7FA /* Debug */ = {
			isa = XCBuildConfiguration;
			buildSettings = {
				ALWAYS_SEARCH_USER_PATHS = NO;
				CLANG_ANALYZER_NONNULL = YES;
				CLANG_ANALYZER_NUMBER_OBJECT_CONVERSION = YES_AGGRESSIVE;
				CLANG_CXX_LANGUAGE_STANDARD = "gnu++14";
				CLANG_CXX_LIBRARY = "libc++";
				CLANG_ENABLE_MODULES = YES;
				CLANG_ENABLE_OBJC_ARC = YES;
				CLANG_ENABLE_OBJC_WEAK = YES;
				CLANG_WARN_BLOCK_CAPTURE_AUTORELEASING = YES;
				CLANG_WARN_BOOL_CONVERSION = YES;
				CLANG_WARN_COMMA = YES;
				CLANG_WARN_CONSTANT_CONVERSION = YES;
				CLANG_WARN_DEPRECATED_OBJC_IMPLEMENTATIONS = YES;
				CLANG_WARN_DIRECT_OBJC_ISA_USAGE = YES_ERROR;
				CLANG_WARN_DOCUMENTATION_COMMENTS = YES;
				CLANG_WARN_EMPTY_BODY = YES;
				CLANG_WARN_ENUM_CONVERSION = YES;
				CLANG_WARN_INFINITE_RECURSION = YES;
				CLANG_WARN_INT_CONVERSION = YES;
				CLANG_WARN_NON_LITERAL_NULL_CONVERSION = YES;
				CLANG_WARN_OBJC_IMPLICIT_RETAIN_SELF = YES;
				CLANG_WARN_OBJC_LITERAL_CONVERSION = YES;
				CLANG_WARN_OBJC_ROOT_CLASS = YES_ERROR;
				CLANG_WARN_QUOTED_INCLUDE_IN_FRAMEWORK_HEADER = YES;
				CLANG_WARN_RANGE_LOOP_ANALYSIS = YES;
				CLANG_WARN_STRICT_PROTOTYPES = YES;
				CLANG_WARN_SUSPICIOUS_MOVE = YES;
				CLANG_WARN_UNGUARDED_AVAILABILITY = YES_AGGRESSIVE;
				CLANG_WARN_UNREACHABLE_CODE = YES;
				CLANG_WARN__DUPLICATE_METHOD_MATCH = YES;
				COPY_PHASE_STRIP = NO;
				DEBUG_INFORMATION_FORMAT = dwarf;
				ENABLE_STRICT_OBJC_MSGSEND = YES;
				ENABLE_TESTABILITY = YES;
				GCC_C_LANGUAGE_STANDARD = gnu11;
				GCC_DYNAMIC_NO_PIC = NO;
				GCC_NO_COMMON_BLOCKS = YES;
				GCC_OPTIMIZATION_LEVEL = 0;
				GCC_PREPROCESSOR_DEFINITIONS = (
					"DEBUG=1",
					"$(inherited)",
				);
				GCC_WARN_64_TO_32_BIT_CONVERSION = YES;
				GCC_WARN_ABOUT_RETURN_TYPE = YES_ERROR;
				GCC_WARN_UNDECLARED_SELECTOR = YES;
				GCC_WARN_UNINITIALIZED_AUTOS = YES_AGGRESSIVE;
				GCC_WARN_UNUSED_FUNCTION = YES;
				GCC_WARN_UNUSED_VARIABLE = YES;
				IPHONEOS_DEPLOYMENT_TARGET = 13.6;
				MTL_ENABLE_DEBUG_INFO = INCLUDE_SOURCE;
				MTL_FAST_MATH = YES;
				ONLY_ACTIVE_ARCH = YES;
				SDKROOT = iphoneos;
				SWIFT_ACTIVE_COMPILATION_CONDITIONS = DEBUG;
				SWIFT_OPTIMIZATION_LEVEL = "-Onone";
			};
			name = Debug;
		};
		678FAFA124DD75D500EFD7FA /* Release */ = {
			isa = XCBuildConfiguration;
			buildSettings = {
				ALWAYS_SEARCH_USER_PATHS = NO;
				CLANG_ANALYZER_NONNULL = YES;
				CLANG_ANALYZER_NUMBER_OBJECT_CONVERSION = YES_AGGRESSIVE;
				CLANG_CXX_LANGUAGE_STANDARD = "gnu++14";
				CLANG_CXX_LIBRARY = "libc++";
				CLANG_ENABLE_MODULES = YES;
				CLANG_ENABLE_OBJC_ARC = YES;
				CLANG_ENABLE_OBJC_WEAK = YES;
				CLANG_WARN_BLOCK_CAPTURE_AUTORELEASING = YES;
				CLANG_WARN_BOOL_CONVERSION = YES;
				CLANG_WARN_COMMA = YES;
				CLANG_WARN_CONSTANT_CONVERSION = YES;
				CLANG_WARN_DEPRECATED_OBJC_IMPLEMENTATIONS = YES;
				CLANG_WARN_DIRECT_OBJC_ISA_USAGE = YES_ERROR;
				CLANG_WARN_DOCUMENTATION_COMMENTS = YES;
				CLANG_WARN_EMPTY_BODY = YES;
				CLANG_WARN_ENUM_CONVERSION = YES;
				CLANG_WARN_INFINITE_RECURSION = YES;
				CLANG_WARN_INT_CONVERSION = YES;
				CLANG_WARN_NON_LITERAL_NULL_CONVERSION = YES;
				CLANG_WARN_OBJC_IMPLICIT_RETAIN_SELF = YES;
				CLANG_WARN_OBJC_LITERAL_CONVERSION = YES;
				CLANG_WARN_OBJC_ROOT_CLASS = YES_ERROR;
				CLANG_WARN_QUOTED_INCLUDE_IN_FRAMEWORK_HEADER = YES;
				CLANG_WARN_RANGE_LOOP_ANALYSIS = YES;
				CLANG_WARN_STRICT_PROTOTYPES = YES;
				CLANG_WARN_SUSPICIOUS_MOVE = YES;
				CLANG_WARN_UNGUARDED_AVAILABILITY = YES_AGGRESSIVE;
				CLANG_WARN_UNREACHABLE_CODE = YES;
				CLANG_WARN__DUPLICATE_METHOD_MATCH = YES;
				COPY_PHASE_STRIP = NO;
				DEBUG_INFORMATION_FORMAT = "dwarf-with-dsym";
				ENABLE_NS_ASSERTIONS = NO;
				ENABLE_STRICT_OBJC_MSGSEND = YES;
				GCC_C_LANGUAGE_STANDARD = gnu11;
				GCC_NO_COMMON_BLOCKS = YES;
				GCC_WARN_64_TO_32_BIT_CONVERSION = YES;
				GCC_WARN_ABOUT_RETURN_TYPE = YES_ERROR;
				GCC_WARN_UNDECLARED_SELECTOR = YES;
				GCC_WARN_UNINITIALIZED_AUTOS = YES_AGGRESSIVE;
				GCC_WARN_UNUSED_FUNCTION = YES;
				GCC_WARN_UNUSED_VARIABLE = YES;
				IPHONEOS_DEPLOYMENT_TARGET = 13.6;
				MTL_ENABLE_DEBUG_INFO = NO;
				MTL_FAST_MATH = YES;
				SDKROOT = iphoneos;
				SWIFT_COMPILATION_MODE = wholemodule;
				SWIFT_OPTIMIZATION_LEVEL = "-O";
				VALIDATE_PRODUCT = YES;
			};
			name = Release;
		};
		678FAFA324DD75D500EFD7FA /* Debug */ = {
			isa = XCBuildConfiguration;
			baseConfigurationReference = E9B23A836D3842C68713783A /* Pods-CleanSwift.debug.xcconfig */;
			buildSettings = {
				ASSETCATALOG_COMPILER_APPICON_NAME = AppIcon;
				CODE_SIGN_STYLE = Automatic;
				DEVELOPMENT_TEAM = V6K34HGC3J;
				INFOPLIST_FILE = CleanSwift/Info.plist;
				IPHONEOS_DEPLOYMENT_TARGET = 12.0;
				LD_RUNPATH_SEARCH_PATHS = (
					"$(inherited)",
					"@executable_path/Frameworks",
				);
				PRODUCT_BUNDLE_IDENTIFIER = com.robertasbaronas.CleanSwift;
				PRODUCT_NAME = "$(TARGET_NAME)";
				SWIFT_VERSION = 5.0;
				TARGETED_DEVICE_FAMILY = "1,2";
			};
			name = Debug;
		};
		678FAFA424DD75D500EFD7FA /* Release */ = {
			isa = XCBuildConfiguration;
			baseConfigurationReference = A9D7C6CBFAA4868A88743609 /* Pods-CleanSwift.release.xcconfig */;
			buildSettings = {
				ASSETCATALOG_COMPILER_APPICON_NAME = AppIcon;
				CODE_SIGN_STYLE = Automatic;
				DEVELOPMENT_TEAM = V6K34HGC3J;
				INFOPLIST_FILE = CleanSwift/Info.plist;
				IPHONEOS_DEPLOYMENT_TARGET = 12.0;
				LD_RUNPATH_SEARCH_PATHS = (
					"$(inherited)",
					"@executable_path/Frameworks",
				);
				PRODUCT_BUNDLE_IDENTIFIER = com.robertasbaronas.CleanSwift;
				PRODUCT_NAME = "$(TARGET_NAME)";
				SWIFT_VERSION = 5.0;
				TARGETED_DEVICE_FAMILY = "1,2";
			};
			name = Release;
		};
		67D0C6A9266E47DB00819157 /* Debug */ = {
			isa = XCBuildConfiguration;
			baseConfigurationReference = 8CB095302121E536A28EAD0C /* Pods-CleanSwiftTests.debug.xcconfig */;
			buildSettings = {
				BUNDLE_LOADER = "$(TEST_HOST)";
				CODE_SIGN_STYLE = Automatic;
				INFOPLIST_FILE = CleanSwiftTests/Info.plist;
				IPHONEOS_DEPLOYMENT_TARGET = 14.5;
				LD_RUNPATH_SEARCH_PATHS = (
					"$(inherited)",
					"@executable_path/Frameworks",
					"@loader_path/Frameworks",
				);
				PRODUCT_BUNDLE_IDENTIFIER = com.robertasbaronas.CleanSwiftTests;
				PRODUCT_NAME = "$(TARGET_NAME)";
				SWIFT_VERSION = 5.0;
				TARGETED_DEVICE_FAMILY = "1,2";
				TEST_HOST = "$(BUILT_PRODUCTS_DIR)/CleanSwift.app/CleanSwift";
			};
			name = Debug;
		};
		67D0C6AA266E47DB00819157 /* Release */ = {
			isa = XCBuildConfiguration;
			baseConfigurationReference = 53A39ECF0AFC3AFCF9818209 /* Pods-CleanSwiftTests.release.xcconfig */;
			buildSettings = {
				BUNDLE_LOADER = "$(TEST_HOST)";
				CODE_SIGN_STYLE = Automatic;
				INFOPLIST_FILE = CleanSwiftTests/Info.plist;
				IPHONEOS_DEPLOYMENT_TARGET = 14.5;
				LD_RUNPATH_SEARCH_PATHS = (
					"$(inherited)",
					"@executable_path/Frameworks",
					"@loader_path/Frameworks",
				);
				PRODUCT_BUNDLE_IDENTIFIER = com.robertasbaronas.CleanSwiftTests;
				PRODUCT_NAME = "$(TARGET_NAME)";
				SWIFT_VERSION = 5.0;
				TARGETED_DEVICE_FAMILY = "1,2";
				TEST_HOST = "$(BUILT_PRODUCTS_DIR)/CleanSwift.app/CleanSwift";
			};
			name = Release;
		};
/* End XCBuildConfiguration section */

/* Begin XCConfigurationList section */
		678FAF7324DD75D200EFD7FA /* Build configuration list for PBXProject "CleanSwift" */ = {
			isa = XCConfigurationList;
			buildConfigurations = (
				678FAFA024DD75D500EFD7FA /* Debug */,
				678FAFA124DD75D500EFD7FA /* Release */,
			);
			defaultConfigurationIsVisible = 0;
			defaultConfigurationName = Release;
		};
		678FAFA224DD75D500EFD7FA /* Build configuration list for PBXNativeTarget "CleanSwift" */ = {
			isa = XCConfigurationList;
			buildConfigurations = (
				678FAFA324DD75D500EFD7FA /* Debug */,
				678FAFA424DD75D500EFD7FA /* Release */,
			);
			defaultConfigurationIsVisible = 0;
			defaultConfigurationName = Release;
		};
		67D0C6A8266E47DB00819157 /* Build configuration list for PBXNativeTarget "CleanSwiftTests" */ = {
			isa = XCConfigurationList;
			buildConfigurations = (
				67D0C6A9266E47DB00819157 /* Debug */,
				67D0C6AA266E47DB00819157 /* Release */,
			);
			defaultConfigurationIsVisible = 0;
			defaultConfigurationName = Release;
		};
/* End XCConfigurationList section */
	};
	rootObject = 678FAF7024DD75D200EFD7FA /* Project object */;
}
